
Microsoft Visual Studio Solution File, Format Version 12.00
# Visual Studio Version 16
VisualStudioVersion = 16.0.29209.62
MinimumVisualStudioVersion = 10.0.40219.1
Project("{FAE04EC0-301F-11D3-BF4B-00C04F79EFBC}") = "Microsoft.Teams.App.Mapper", "Microsoft.Teams.App.Mapper.csproj", "{D21DCD33-7575-40D7-99B3-E4A35A63CA57}"
EndProject
Global
	GlobalSection(SolutionConfigurationPlatforms) = preSolution
		Debug|Any CPU = Debug|Any CPU
		Release|Any CPU = Release|Any CPU
	EndGlobalSection
	GlobalSection(ProjectConfigurationPlatforms) = postSolution
		{D21DCD33-7575-40D7-99B3-E4A35A63CA57}.Debug|Any CPU.ActiveCfg = Debug|Any CPU
		{D21DCD33-7575-40D7-99B3-E4A35A63CA57}.Debug|Any CPU.Build.0 = Debug|Any CPU
		{D21DCD33-7575-40D7-99B3-E4A35A63CA57}.Release|Any CPU.ActiveCfg = Release|Any CPU
		{D21DCD33-7575-40D7-99B3-E4A35A63CA57}.Release|Any CPU.Build.0 = Release|Any CPU
	EndGlobalSection
	GlobalSection(SolutionProperties) = preSolution
		HideSolutionNode = FALSE
	EndGlobalSection
	GlobalSection(ExtensibilityGlobals) = postSolution
		SolutionGuid = {31385F0D-429E-40A1-BDD4-9785A7611F30}
	EndGlobalSection
EndGlobal
